
Microsoft Visual Studio Solution File, Format Version 12.00
# Visual Studio Version 17
VisualStudioVersion = 17.5.001.0
MinimumVisualStudioVersion = 10.0.40219.1
Project("{9A19103F-16F7-4668-BE54-9A1E7A4F7556}") = "checkers", "checkers.csproj", "{C9686104-A0A2-4343-95E8-C57A8F9D1C63}"
EndProject
Global
	GlobalSection(SolutionConfigurationPlatforms) = preSolution
		Debug|Any CPU = Debug|Any CPU
		Release|Any CPU = Release|Any CPU
	EndGlobalSection
	GlobalSection(ProjectConfigurationPlatforms) = postSolution
		{C9686104-A0A2-4343-95E8-C57A8F9D1C63}.Debug|Any CPU.ActiveCfg = Debug|Any CPU
		{C9686104-A0A2-4343-95E8-C57A8F9D1C63}.Debug|Any CPU.Build.0 = Debug|Any CPU
		{C9686104-A0A2-4343-95E8-C57A8F9D1C63}.Release|Any CPU.ActiveCfg = Release|Any CPU
		{C9686104-A0A2-4343-95E8-C57A8F9D1C63}.Release|Any CPU.Build.0 = Release|Any CPU
	EndGlobalSection
	GlobalSection(SolutionProperties) = preSolution
		HideSolutionNode = FALSE
	EndGlobalSection
	GlobalSection(ExtensibilityGlobals) = postSolution
		SolutionGuid = {6B3805AC-5F92-4105-9200-B51330818832}
	EndGlobalSection
EndGlobal
